// !$*UTF8*$!
{
	archiveVersion = 1;
	classes = {
	};
	objectVersion = 55;
	objects = {

/* Begin PBXBuildFile section */
		5F012A452852AE1B000D69C5 /* DepositoViewController.swift in Sources */ = {isa = PBXBuildFile; fileRef = 5F012A442852AE1B000D69C5 /* DepositoViewController.swift */; };
		5F07C2AD285B9AA000275124 /* FormTransferenciaViewController.swift in Sources */ = {isa = PBXBuildFile; fileRef = 5F07C2AC285B9AA000275124 /* FormTransferenciaViewController.swift */; };
		5F07C2AF285B9AD000275124 /* FormTransferenciaViewController.xib in Resources */ = {isa = PBXBuildFile; fileRef = 5F07C2AE285B9AD000275124 /* FormTransferenciaViewController.xib */; };
		5F0D4A4A2869FFFD002948FB /* FormInversionViewController.swift in Sources */ = {isa = PBXBuildFile; fileRef = 5F0D4A492869FFFD002948FB /* FormInversionViewController.swift */; };
		5F0D4A4C286A000E002948FB /* FormInversionViewController.xib in Resources */ = {isa = PBXBuildFile; fileRef = 5F0D4A4B286A000E002948FB /* FormInversionViewController.xib */; };
		5F0D4A4F286A03C5002948FB /* Kingfisher in Frameworks */ = {isa = PBXBuildFile; productRef = 5F0D4A4E286A03C5002948FB /* Kingfisher */; };
		5F2C98A1286ABF2A00D31F0A /* InversionesViewController.swift in Sources */ = {isa = PBXBuildFile; fileRef = 5F2C98A0286ABF2A00D31F0A /* InversionesViewController.swift */; };
		5F2C98A5286AC03700D31F0A /* InversionesViewController.xib in Resources */ = {isa = PBXBuildFile; fileRef = 5F2C98A4286AC03700D31F0A /* InversionesViewController.xib */; };
		5F3A60832858335C00E15ACE /* TransferenciaViewController.swift in Sources */ = {isa = PBXBuildFile; fileRef = 5F3A60822858335C00E15ACE /* TransferenciaViewController.swift */; };
		5F3A60852858337200E15ACE /* TransferenciaViewController.xib in Resources */ = {isa = PBXBuildFile; fileRef = 5F3A60842858337200E15ACE /* TransferenciaViewController.xib */; };
		5F52D483286B3A0900DA1311 /* CeldaPersonalizadaTableViewCell.swift in Sources */ = {isa = PBXBuildFile; fileRef = 5F52D481286B3A0900DA1311 /* CeldaPersonalizadaTableViewCell.swift */; };
		5F52D484286B3A0900DA1311 /* CeldaPersonalizadaTableViewCell.xib in Resources */ = {isa = PBXBuildFile; fileRef = 5F52D482286B3A0900DA1311 /* CeldaPersonalizadaTableViewCell.xib */; };
		5F558000285279C800C202AB /* MiInformacionViewController.swift in Sources */ = {isa = PBXBuildFile; fileRef = 5F557FFF285279C800C202AB /* MiInformacionViewController.swift */; };
		5F558002285279E400C202AB /* MiInformacionViewController.xib in Resources */ = {isa = PBXBuildFile; fileRef = 5F558001285279E400C202AB /* MiInformacionViewController.xib */; };
		5F5927D52864ADEC00F4D242 /* DBManager.swift in Sources */ = {isa = PBXBuildFile; fileRef = 5F5927D42864ADEC00F4D242 /* DBManager.swift */; };
		5F72C738285117E900A7E610 /* AppDelegate.swift in Sources */ = {isa = PBXBuildFile; fileRef = 5F72C737285117E900A7E610 /* AppDelegate.swift */; };
		5F72C73A285117E900A7E610 /* SceneDelegate.swift in Sources */ = {isa = PBXBuildFile; fileRef = 5F72C739285117E900A7E610 /* SceneDelegate.swift */; };
		5F72C73C285117E900A7E610 /* AuthViewController.swift in Sources */ = {isa = PBXBuildFile; fileRef = 5F72C73B285117E900A7E610 /* AuthViewController.swift */; };
		5F72C73F285117E900A7E610 /* Main.storyboard in Resources */ = {isa = PBXBuildFile; fileRef = 5F72C73D285117E900A7E610 /* Main.storyboard */; };
		5F72C741285117EA00A7E610 /* Assets.xcassets in Resources */ = {isa = PBXBuildFile; fileRef = 5F72C740285117EA00A7E610 /* Assets.xcassets */; };
		5F72C744285117EA00A7E610 /* LaunchScreen.storyboard in Resources */ = {isa = PBXBuildFile; fileRef = 5F72C742285117EA00A7E610 /* LaunchScreen.storyboard */; };
		5F72C74F285117EA00A7E610 /* Banco_IOSTests.swift in Sources */ = {isa = PBXBuildFile; fileRef = 5F72C74E285117EA00A7E610 /* Banco_IOSTests.swift */; };
		5F72C759285117EA00A7E610 /* Banco_IOSUITests.swift in Sources */ = {isa = PBXBuildFile; fileRef = 5F72C758285117EA00A7E610 /* Banco_IOSUITests.swift */; };
		5F72C75B285117EA00A7E610 /* Banco_IOSUITestsLaunchTests.swift in Sources */ = {isa = PBXBuildFile; fileRef = 5F72C75A285117EA00A7E610 /* Banco_IOSUITestsLaunchTests.swift */; };
		5F76A1D9285387530019544B /* MovimientosViewController.swift in Sources */ = {isa = PBXBuildFile; fileRef = 5F76A1D8285387530019544B /* MovimientosViewController.swift */; };
		5F76A1DB285387630019544B /* MovimientosViewController.xib in Resources */ = {isa = PBXBuildFile; fileRef = 5F76A1DA285387630019544B /* MovimientosViewController.xib */; };
		5F8B012A286F2C09006F76AE /* InversionViewController.swift in Sources */ = {isa = PBXBuildFile; fileRef = 5F8B0128286F2C09006F76AE /* InversionViewController.swift */; };
		5F8B012B286F2C09006F76AE /* InversionViewController.xib in Resources */ = {isa = PBXBuildFile; fileRef = 5F8B0129286F2C09006F76AE /* InversionViewController.xib */; };
		5F98D6B42851A7F700F1214F /* ConsultaSaldoViewController.swift in Sources */ = {isa = PBXBuildFile; fileRef = 5F98D6B32851A7F700F1214F /* ConsultaSaldoViewController.swift */; };
		5F98D6B62851A85000F1214F /* ConsultaSaldoViewController.xib in Resources */ = {isa = PBXBuildFile; fileRef = 5F98D6B52851A85000F1214F /* ConsultaSaldoViewController.xib */; };
		5FB47404286651AD00639DD0 /* EmpresasViewController.swift in Sources */ = {isa = PBXBuildFile; fileRef = 5FB47403286651AD00639DD0 /* EmpresasViewController.swift */; };
		5FB47406286651C200639DD0 /* EmpresasViewController.xib in Resources */ = {isa = PBXBuildFile; fileRef = 5FB47405286651C200639DD0 /* EmpresasViewController.xib */; };
		5FF4745528511D2B00763859 /* GoogleService-Info.plist in Resources */ = {isa = PBXBuildFile; fileRef = 5FF4745428511D2B00763859 /* GoogleService-Info.plist */; };
		5FF4745628511D2B00763859 /* GoogleService-Info.plist in Resources */ = {isa = PBXBuildFile; fileRef = 5FF4745428511D2B00763859 /* GoogleService-Info.plist */; };
		5FF4745728511D2B00763859 /* GoogleService-Info.plist in Resources */ = {isa = PBXBuildFile; fileRef = 5FF4745428511D2B00763859 /* GoogleService-Info.plist */; };
		5FF4745A28511EC700763859 /* FirebaseAnalytics in Frameworks */ = {isa = PBXBuildFile; productRef = 5FF4745928511EC700763859 /* FirebaseAnalytics */; };
		5FF4745C28511EC700763859 /* FirebaseAnalyticsSwift in Frameworks */ = {isa = PBXBuildFile; productRef = 5FF4745B28511EC700763859 /* FirebaseAnalyticsSwift */; };
		5FF4745E28511EC700763859 /* FirebaseAuth in Frameworks */ = {isa = PBXBuildFile; productRef = 5FF4745D28511EC700763859 /* FirebaseAuth */; };
		5FF4746028511EC700763859 /* FirebaseDatabase in Frameworks */ = {isa = PBXBuildFile; productRef = 5FF4745F28511EC700763859 /* FirebaseDatabase */; };
		5FF4746228511EC700763859 /* FirebaseDatabaseSwift in Frameworks */ = {isa = PBXBuildFile; productRef = 5FF4746128511EC700763859 /* FirebaseDatabaseSwift */; };
		5FF4746428511EC700763859 /* FirebasePerformance in Frameworks */ = {isa = PBXBuildFile; productRef = 5FF4746328511EC700763859 /* FirebasePerformance */; };
		5FF4746628511EC700763859 /* FirebaseRemoteConfig in Frameworks */ = {isa = PBXBuildFile; productRef = 5FF4746528511EC700763859 /* FirebaseRemoteConfig */; };
		5FF4746828511EC700763859 /* FirebaseStorage in Frameworks */ = {isa = PBXBuildFile; productRef = 5FF4746728511EC700763859 /* FirebaseStorage */; };
		5FF4746A28513E6B00763859 /* MenuViewController.swift in Sources */ = {isa = PBXBuildFile; fileRef = 5FF4746928513E6B00763859 /* MenuViewController.swift */; };
		5FF4747028515B8100763859 /* MenuViewController.xib in Resources */ = {isa = PBXBuildFile; fileRef = 5FF4746F28515B8100763859 /* MenuViewController.xib */; };
		5FF474732851685100763859 /* FirebaseFirestore in Frameworks */ = {isa = PBXBuildFile; productRef = 5FF474722851685100763859 /* FirebaseFirestore */; };
		5FF474752851685100763859 /* FirebaseFirestoreSwift in Frameworks */ = {isa = PBXBuildFile; productRef = 5FF474742851685100763859 /* FirebaseFirestoreSwift */; };
		5FF474772851733C00763859 /* ConfigurarPerfilViewController.swift in Sources */ = {isa = PBXBuildFile; fileRef = 5FF474762851733C00763859 /* ConfigurarPerfilViewController.swift */; };
		5FF4747B2851741100763859 /* ConfigurarPerfilViewController.xib in Resources */ = {isa = PBXBuildFile; fileRef = 5FF4747A2851741100763859 /* ConfigurarPerfilViewController.xib */; };
		5FFD9F0B2852B3BE00AC1700 /* DepositoViewController.xib in Resources */ = {isa = PBXBuildFile; fileRef = 5FFD9F0A2852B3BE00AC1700 /* DepositoViewController.xib */; };
		5FFD9F0D2852BEF500AC1700 /* RetiroViewController.swift in Sources */ = {isa = PBXBuildFile; fileRef = 5FFD9F0C2852BEF500AC1700 /* RetiroViewController.swift */; };
		5FFD9F0F2852BF0500AC1700 /* RetiroViewController.xib in Resources */ = {isa = PBXBuildFile; fileRef = 5FFD9F0E2852BF0500AC1700 /* RetiroViewController.xib */; };
/* End PBXBuildFile section */

/* Begin PBXContainerItemProxy section */
		5F72C74B285117EA00A7E610 /* PBXContainerItemProxy */ = {
			isa = PBXContainerItemProxy;
			containerPortal = 5F72C72C285117E900A7E610 /* Project object */;
			proxyType = 1;
			remoteGlobalIDString = 5F72C733285117E900A7E610;
			remoteInfo = "Banco-IOS";
		};
		5F72C755285117EA00A7E610 /* PBXContainerItemProxy */ = {
			isa = PBXContainerItemProxy;
			containerPortal = 5F72C72C285117E900A7E610 /* Project object */;
			proxyType = 1;
			remoteGlobalIDString = 5F72C733285117E900A7E610;
			remoteInfo = "Banco-IOS";
		};
/* End PBXContainerItemProxy section */

/* Begin PBXFileReference section */
		5F012A442852AE1B000D69C5 /* DepositoViewController.swift */ = {isa = PBXFileReference; lastKnownFileType = sourcecode.swift; path = DepositoViewController.swift; sourceTree = "<group>"; };
		5F07C2AC285B9AA000275124 /* FormTransferenciaViewController.swift */ = {isa = PBXFileReference; lastKnownFileType = sourcecode.swift; path = FormTransferenciaViewController.swift; sourceTree = "<group>"; };
		5F07C2AE285B9AD000275124 /* FormTransferenciaViewController.xib */ = {isa = PBXFileReference; lastKnownFileType = file.xib; path = FormTransferenciaViewController.xib; sourceTree = "<group>"; };
		5F0D4A492869FFFD002948FB /* FormInversionViewController.swift */ = {isa = PBXFileReference; lastKnownFileType = sourcecode.swift; path = FormInversionViewController.swift; sourceTree = "<group>"; };
		5F0D4A4B286A000E002948FB /* FormInversionViewController.xib */ = {isa = PBXFileReference; lastKnownFileType = file.xib; path = FormInversionViewController.xib; sourceTree = "<group>"; };
		5F2C98A0286ABF2A00D31F0A /* InversionesViewController.swift */ = {isa = PBXFileReference; lastKnownFileType = sourcecode.swift; path = InversionesViewController.swift; sourceTree = "<group>"; };
		5F2C98A4286AC03700D31F0A /* InversionesViewController.xib */ = {isa = PBXFileReference; lastKnownFileType = file.xib; path = InversionesViewController.xib; sourceTree = "<group>"; };
		5F3A60822858335C00E15ACE /* TransferenciaViewController.swift */ = {isa = PBXFileReference; lastKnownFileType = sourcecode.swift; path = TransferenciaViewController.swift; sourceTree = "<group>"; };
		5F3A60842858337200E15ACE /* TransferenciaViewController.xib */ = {isa = PBXFileReference; lastKnownFileType = file.xib; path = TransferenciaViewController.xib; sourceTree = "<group>"; };
		5F52D481286B3A0900DA1311 /* CeldaPersonalizadaTableViewCell.swift */ = {isa = PBXFileReference; lastKnownFileType = sourcecode.swift; path = CeldaPersonalizadaTableViewCell.swift; sourceTree = "<group>"; };
		5F52D482286B3A0900DA1311 /* CeldaPersonalizadaTableViewCell.xib */ = {isa = PBXFileReference; lastKnownFileType = file.xib; path = CeldaPersonalizadaTableViewCell.xib; sourceTree = "<group>"; };
		5F557FFF285279C800C202AB /* MiInformacionViewController.swift */ = {isa = PBXFileReference; lastKnownFileType = sourcecode.swift; path = MiInformacionViewController.swift; sourceTree = "<group>"; };
		5F558001285279E400C202AB /* MiInformacionViewController.xib */ = {isa = PBXFileReference; lastKnownFileType = file.xib; path = MiInformacionViewController.xib; sourceTree = "<group>"; };
		5F5927D42864ADEC00F4D242 /* DBManager.swift */ = {isa = PBXFileReference; lastKnownFileType = sourcecode.swift; path = DBManager.swift; sourceTree = "<group>"; };
		5F72C734285117E900A7E610 /* Banco-IOS.app */ = {isa = PBXFileReference; explicitFileType = wrapper.application; includeInIndex = 0; path = "Banco-IOS.app"; sourceTree = BUILT_PRODUCTS_DIR; };
		5F72C737285117E900A7E610 /* AppDelegate.swift */ = {isa = PBXFileReference; lastKnownFileType = sourcecode.swift; path = AppDelegate.swift; sourceTree = "<group>"; };
		5F72C739285117E900A7E610 /* SceneDelegate.swift */ = {isa = PBXFileReference; lastKnownFileType = sourcecode.swift; path = SceneDelegate.swift; sourceTree = "<group>"; };
		5F72C73B285117E900A7E610 /* AuthViewController.swift */ = {isa = PBXFileReference; lastKnownFileType = sourcecode.swift; path = AuthViewController.swift; sourceTree = "<group>"; };
		5F72C73E285117E900A7E610 /* Base */ = {isa = PBXFileReference; lastKnownFileType = file.storyboard; name = Base; path = Base.lproj/Main.storyboard; sourceTree = "<group>"; };
		5F72C740285117EA00A7E610 /* Assets.xcassets */ = {isa = PBXFileReference; lastKnownFileType = folder.assetcatalog; path = Assets.xcassets; sourceTree = "<group>"; };
		5F72C743285117EA00A7E610 /* Base */ = {isa = PBXFileReference; lastKnownFileType = file.storyboard; name = Base; path = Base.lproj/LaunchScreen.storyboard; sourceTree = "<group>"; };
		5F72C745285117EA00A7E610 /* Info.plist */ = {isa = PBXFileReference; lastKnownFileType = text.plist.xml; path = Info.plist; sourceTree = "<group>"; };
		5F72C74A285117EA00A7E610 /* Banco-IOSTests.xctest */ = {isa = PBXFileReference; explicitFileType = wrapper.cfbundle; includeInIndex = 0; path = "Banco-IOSTests.xctest"; sourceTree = BUILT_PRODUCTS_DIR; };
		5F72C74E285117EA00A7E610 /* Banco_IOSTests.swift */ = {isa = PBXFileReference; lastKnownFileType = sourcecode.swift; path = Banco_IOSTests.swift; sourceTree = "<group>"; };
		5F72C754285117EA00A7E610 /* Banco-IOSUITests.xctest */ = {isa = PBXFileReference; explicitFileType = wrapper.cfbundle; includeInIndex = 0; path = "Banco-IOSUITests.xctest"; sourceTree = BUILT_PRODUCTS_DIR; };
		5F72C758285117EA00A7E610 /* Banco_IOSUITests.swift */ = {isa = PBXFileReference; lastKnownFileType = sourcecode.swift; path = Banco_IOSUITests.swift; sourceTree = "<group>"; };
		5F72C75A285117EA00A7E610 /* Banco_IOSUITestsLaunchTests.swift */ = {isa = PBXFileReference; lastKnownFileType = sourcecode.swift; path = Banco_IOSUITestsLaunchTests.swift; sourceTree = "<group>"; };
		5F76A1D8285387530019544B /* MovimientosViewController.swift */ = {isa = PBXFileReference; lastKnownFileType = sourcecode.swift; path = MovimientosViewController.swift; sourceTree = "<group>"; };
		5F76A1DA285387630019544B /* MovimientosViewController.xib */ = {isa = PBXFileReference; lastKnownFileType = file.xib; path = MovimientosViewController.xib; sourceTree = "<group>"; };
		5F8B0128286F2C09006F76AE /* InversionViewController.swift */ = {isa = PBXFileReference; lastKnownFileType = sourcecode.swift; path = InversionViewController.swift; sourceTree = "<group>"; };
		5F8B0129286F2C09006F76AE /* InversionViewController.xib */ = {isa = PBXFileReference; lastKnownFileType = file.xib; path = InversionViewController.xib; sourceTree = "<group>"; };
		5F98D6B32851A7F700F1214F /* ConsultaSaldoViewController.swift */ = {isa = PBXFileReference; lastKnownFileType = sourcecode.swift; path = ConsultaSaldoViewController.swift; sourceTree = "<group>"; };
		5F98D6B52851A85000F1214F /* ConsultaSaldoViewController.xib */ = {isa = PBXFileReference; lastKnownFileType = file.xib; path = ConsultaSaldoViewController.xib; sourceTree = "<group>"; };
		5FB47403286651AD00639DD0 /* EmpresasViewController.swift */ = {isa = PBXFileReference; lastKnownFileType = sourcecode.swift; path = EmpresasViewController.swift; sourceTree = "<group>"; };
		5FB47405286651C200639DD0 /* EmpresasViewController.xib */ = {isa = PBXFileReference; lastKnownFileType = file.xib; path = EmpresasViewController.xib; sourceTree = "<group>"; };
		5FF4745428511D2B00763859 /* GoogleService-Info.plist */ = {isa = PBXFileReference; fileEncoding = 4; lastKnownFileType = text.plist.xml; path = "GoogleService-Info.plist"; sourceTree = "<group>"; };
		5FF4746928513E6B00763859 /* MenuViewController.swift */ = {isa = PBXFileReference; lastKnownFileType = sourcecode.swift; path = MenuViewController.swift; sourceTree = "<group>"; };
		5FF4746F28515B8100763859 /* MenuViewController.xib */ = {isa = PBXFileReference; lastKnownFileType = file.xib; name = MenuViewController.xib; path = ../MenuViewController.xib; sourceTree = "<group>"; };
		5FF474762851733C00763859 /* ConfigurarPerfilViewController.swift */ = {isa = PBXFileReference; lastKnownFileType = sourcecode.swift; path = ConfigurarPerfilViewController.swift; sourceTree = "<group>"; };
		5FF4747A2851741100763859 /* ConfigurarPerfilViewController.xib */ = {isa = PBXFileReference; lastKnownFileType = file.xib; path = ConfigurarPerfilViewController.xib; sourceTree = "<group>"; };
		5FFD9F0A2852B3BE00AC1700 /* DepositoViewController.xib */ = {isa = PBXFileReference; lastKnownFileType = file.xib; path = DepositoViewController.xib; sourceTree = "<group>"; };
		5FFD9F0C2852BEF500AC1700 /* RetiroViewController.swift */ = {isa = PBXFileReference; lastKnownFileType = sourcecode.swift; path = RetiroViewController.swift; sourceTree = "<group>"; };
		5FFD9F0E2852BF0500AC1700 /* RetiroViewController.xib */ = {isa = PBXFileReference; lastKnownFileType = file.xib; path = RetiroViewController.xib; sourceTree = "<group>"; };
/* End PBXFileReference section */

/* Begin PBXFrameworksBuildPhase section */
		5F72C731285117E900A7E610 /* Frameworks */ = {
			isa = PBXFrameworksBuildPhase;
			buildActionMask = 2147483647;
			files = (
				5FF4746228511EC700763859 /* FirebaseDatabaseSwift in Frameworks */,
				5FF4745C28511EC700763859 /* FirebaseAnalyticsSwift in Frameworks */,
				5FF4746428511EC700763859 /* FirebasePerformance in Frameworks */,
				5FF4746628511EC700763859 /* FirebaseRemoteConfig in Frameworks */,
				5FF4745E28511EC700763859 /* FirebaseAuth in Frameworks */,
				5FF474752851685100763859 /* FirebaseFirestoreSwift in Frameworks */,
				5FF474732851685100763859 /* FirebaseFirestore in Frameworks */,
				5FF4746828511EC700763859 /* FirebaseStorage in Frameworks */,
				5F0D4A4F286A03C5002948FB /* Kingfisher in Frameworks */,
				5FF4746028511EC700763859 /* FirebaseDatabase in Frameworks */,
				5FF4745A28511EC700763859 /* FirebaseAnalytics in Frameworks */,
			);
			runOnlyForDeploymentPostprocessing = 0;
		};
		5F72C747285117EA00A7E610 /* Frameworks */ = {
			isa = PBXFrameworksBuildPhase;
			buildActionMask = 2147483647;
			files = (
			);
			runOnlyForDeploymentPostprocessing = 0;
		};
		5F72C751285117EA00A7E610 /* Frameworks */ = {
			isa = PBXFrameworksBuildPhase;
			buildActionMask = 2147483647;
			files = (
			);
			runOnlyForDeploymentPostprocessing = 0;
		};
/* End PBXFrameworksBuildPhase section */

/* Begin PBXGroup section */
		5F72C72B285117E900A7E610 = {
			isa = PBXGroup;
			children = (
				5F72C736285117E900A7E610 /* Banco-IOS */,
				5F72C74D285117EA00A7E610 /* Banco-IOSTests */,
				5F72C757285117EA00A7E610 /* Banco-IOSUITests */,
				5F72C735285117E900A7E610 /* Products */,
			);
			sourceTree = "<group>";
		};
		5F72C735285117E900A7E610 /* Products */ = {
			isa = PBXGroup;
			children = (
				5F72C734285117E900A7E610 /* Banco-IOS.app */,
				5F72C74A285117EA00A7E610 /* Banco-IOSTests.xctest */,
				5F72C754285117EA00A7E610 /* Banco-IOSUITests.xctest */,
			);
			name = Products;
			sourceTree = "<group>";
		};
		5F72C736285117E900A7E610 /* Banco-IOS */ = {
			isa = PBXGroup;
			children = (
				5F98D6B32851A7F700F1214F /* ConsultaSaldoViewController.swift */,
				5F98D6B52851A85000F1214F /* ConsultaSaldoViewController.xib */,
				5F72C737285117E900A7E610 /* AppDelegate.swift */,
				5F72C739285117E900A7E610 /* SceneDelegate.swift */,
				5F72C73D285117E900A7E610 /* Main.storyboard */,
				5F72C73B285117E900A7E610 /* AuthViewController.swift */,
				5FF4746F28515B8100763859 /* MenuViewController.xib */,
				5FF4746928513E6B00763859 /* MenuViewController.swift */,
				5F72C740285117EA00A7E610 /* Assets.xcassets */,
				5F72C742285117EA00A7E610 /* LaunchScreen.storyboard */,
				5F72C745285117EA00A7E610 /* Info.plist */,
				5FF474762851733C00763859 /* ConfigurarPerfilViewController.swift */,
				5FF4747A2851741100763859 /* ConfigurarPerfilViewController.xib */,
				5F557FFF285279C800C202AB /* MiInformacionViewController.swift */,
				5F558001285279E400C202AB /* MiInformacionViewController.xib */,
				5F012A442852AE1B000D69C5 /* DepositoViewController.swift */,
				5FFD9F0A2852B3BE00AC1700 /* DepositoViewController.xib */,
				5FFD9F0C2852BEF500AC1700 /* RetiroViewController.swift */,
				5FFD9F0E2852BF0500AC1700 /* RetiroViewController.xib */,
				5F76A1D8285387530019544B /* MovimientosViewController.swift */,
				5F76A1DA285387630019544B /* MovimientosViewController.xib */,
				5F3A60822858335C00E15ACE /* TransferenciaViewController.swift */,
				5F3A60842858337200E15ACE /* TransferenciaViewController.xib */,
				5F07C2AC285B9AA000275124 /* FormTransferenciaViewController.swift */,
				5F07C2AE285B9AD000275124 /* FormTransferenciaViewController.xib */,
				5F5927D42864ADEC00F4D242 /* DBManager.swift */,
				5FB47403286651AD00639DD0 /* EmpresasViewController.swift */,
				5FB47405286651C200639DD0 /* EmpresasViewController.xib */,
				5F0D4A492869FFFD002948FB /* FormInversionViewController.swift */,
				5F0D4A4B286A000E002948FB /* FormInversionViewController.xib */,
				5F2C98A0286ABF2A00D31F0A /* InversionesViewController.swift */,
				5F2C98A4286AC03700D31F0A /* InversionesViewController.xib */,
				5F52D481286B3A0900DA1311 /* CeldaPersonalizadaTableViewCell.swift */,
				5F52D482286B3A0900DA1311 /* CeldaPersonalizadaTableViewCell.xib */,
				5F8B0128286F2C09006F76AE /* InversionViewController.swift */,
				5F8B0129286F2C09006F76AE /* InversionViewController.xib */,
			);
			path = "Banco-IOS";
			sourceTree = "<group>";
		};
		5F72C74D285117EA00A7E610 /* Banco-IOSTests */ = {
			isa = PBXGroup;
			children = (
				5F72C74E285117EA00A7E610 /* Banco_IOSTests.swift */,
			);
			path = "Banco-IOSTests";
			sourceTree = "<group>";
		};
		5F72C757285117EA00A7E610 /* Banco-IOSUITests */ = {
			isa = PBXGroup;
			children = (
				5F72C758285117EA00A7E610 /* Banco_IOSUITests.swift */,
				5F72C75A285117EA00A7E610 /* Banco_IOSUITestsLaunchTests.swift */,
				5FF4745428511D2B00763859 /* GoogleService-Info.plist */,
			);
			path = "Banco-IOSUITests";
			sourceTree = "<group>";
		};
/* End PBXGroup section */

/* Begin PBXNativeTarget section */
		5F72C733285117E900A7E610 /* Banco-IOS */ = {
			isa = PBXNativeTarget;
			buildConfigurationList = 5F72C75E285117EA00A7E610 /* Build configuration list for PBXNativeTarget "Banco-IOS" */;
			buildPhases = (
				5F72C730285117E900A7E610 /* Sources */,
				5F72C731285117E900A7E610 /* Frameworks */,
				5F72C732285117E900A7E610 /* Resources */,
			);
			buildRules = (
			);
			dependencies = (
			);
			name = "Banco-IOS";
			packageProductDependencies = (
				5FF4745928511EC700763859 /* FirebaseAnalytics */,
				5FF4745B28511EC700763859 /* FirebaseAnalyticsSwift */,
				5FF4745D28511EC700763859 /* FirebaseAuth */,
				5FF4745F28511EC700763859 /* FirebaseDatabase */,
				5FF4746128511EC700763859 /* FirebaseDatabaseSwift */,
				5FF4746328511EC700763859 /* FirebasePerformance */,
				5FF4746528511EC700763859 /* FirebaseRemoteConfig */,
				5FF4746728511EC700763859 /* FirebaseStorage */,
				5FF474722851685100763859 /* FirebaseFirestore */,
				5FF474742851685100763859 /* FirebaseFirestoreSwift */,
				5F0D4A4E286A03C5002948FB /* Kingfisher */,
			);
			productName = "Banco-IOS";
			productReference = 5F72C734285117E900A7E610 /* Banco-IOS.app */;
			productType = "com.apple.product-type.application";
		};
		5F72C749285117EA00A7E610 /* Banco-IOSTests */ = {
			isa = PBXNativeTarget;
			buildConfigurationList = 5F72C761285117EA00A7E610 /* Build configuration list for PBXNativeTarget "Banco-IOSTests" */;
			buildPhases = (
				5F72C746285117EA00A7E610 /* Sources */,
				5F72C747285117EA00A7E610 /* Frameworks */,
				5F72C748285117EA00A7E610 /* Resources */,
			);
			buildRules = (
			);
			dependencies = (
				5F72C74C285117EA00A7E610 /* PBXTargetDependency */,
			);
			name = "Banco-IOSTests";
			productName = "Banco-IOSTests";
			productReference = 5F72C74A285117EA00A7E610 /* Banco-IOSTests.xctest */;
			productType = "com.apple.product-type.bundle.unit-test";
		};
		5F72C753285117EA00A7E610 /* Banco-IOSUITests */ = {
			isa = PBXNativeTarget;
			buildConfigurationList = 5F72C764285117EA00A7E610 /* Build configuration list for PBXNativeTarget "Banco-IOSUITests" */;
			buildPhases = (
				5F72C750285117EA00A7E610 /* Sources */,
				5F72C751285117EA00A7E610 /* Frameworks */,
				5F72C752285117EA00A7E610 /* Resources */,
			);
			buildRules = (
			);
			dependencies = (
				5F72C756285117EA00A7E610 /* PBXTargetDependency */,
			);
			name = "Banco-IOSUITests";
			productName = "Banco-IOSUITests";
			productReference = 5F72C754285117EA00A7E610 /* Banco-IOSUITests.xctest */;
			productType = "com.apple.product-type.bundle.ui-testing";
		};
/* End PBXNativeTarget section */

/* Begin PBXProject section */
		5F72C72C285117E900A7E610 /* Project object */ = {
			isa = PBXProject;
			attributes = {
				BuildIndependentTargetsInParallel = 1;
				LastSwiftUpdateCheck = 1340;
				LastUpgradeCheck = 1340;
				TargetAttributes = {
					5F72C733285117E900A7E610 = {
						CreatedOnToolsVersion = 13.4.1;
					};
					5F72C749285117EA00A7E610 = {
						CreatedOnToolsVersion = 13.4.1;
						TestTargetID = 5F72C733285117E900A7E610;
					};
					5F72C753285117EA00A7E610 = {
						CreatedOnToolsVersion = 13.4.1;
						TestTargetID = 5F72C733285117E900A7E610;
					};
				};
			};
			buildConfigurationList = 5F72C72F285117E900A7E610 /* Build configuration list for PBXProject "Banco-IOS" */;
			compatibilityVersion = "Xcode 13.0";
			developmentRegion = en;
			hasScannedForEncodings = 0;
			knownRegions = (
				en,
				Base,
			);
			mainGroup = 5F72C72B285117E900A7E610;
			packageReferences = (
				5FF4745828511EC700763859 /* XCRemoteSwiftPackageReference "firebase-ios-sdk" */,
				5FF474712851685100763859 /* XCRemoteSwiftPackageReference "firebase-ios-sdk" */,
				5F0D4A4D286A03C5002948FB /* XCRemoteSwiftPackageReference "Kingfisher" */,
			);
			productRefGroup = 5F72C735285117E900A7E610 /* Products */;
			projectDirPath = "";
			projectRoot = "";
			targets = (
				5F72C733285117E900A7E610 /* Banco-IOS */,
				5F72C749285117EA00A7E610 /* Banco-IOSTests */,
				5F72C753285117EA00A7E610 /* Banco-IOSUITests */,
			);
		};
/* End PBXProject section */

/* Begin PBXResourcesBuildPhase section */
		5F72C732285117E900A7E610 /* Resources */ = {
			isa = PBXResourcesBuildPhase;
			buildActionMask = 2147483647;
			files = (
				5FB47406286651C200639DD0 /* EmpresasViewController.xib in Resources */,
				5F98D6B62851A85000F1214F /* ConsultaSaldoViewController.xib in Resources */,
				5F2C98A5286AC03700D31F0A /* InversionesViewController.xib in Resources */,
				5F76A1DB285387630019544B /* MovimientosViewController.xib in Resources */,
				5F8B012B286F2C09006F76AE /* InversionViewController.xib in Resources */,
				5FF4747B2851741100763859 /* ConfigurarPerfilViewController.xib in Resources */,
				5F558002285279E400C202AB /* MiInformacionViewController.xib in Resources */,
				5FFD9F0B2852B3BE00AC1700 /* DepositoViewController.xib in Resources */,
				5F72C744285117EA00A7E610 /* LaunchScreen.storyboard in Resources */,
				5FF4745528511D2B00763859 /* GoogleService-Info.plist in Resources */,
				5FF4747028515B8100763859 /* MenuViewController.xib in Resources */,
				5F3A60852858337200E15ACE /* TransferenciaViewController.xib in Resources */,
				5F52D484286B3A0900DA1311 /* CeldaPersonalizadaTableViewCell.xib in Resources */,
				5F72C741285117EA00A7E610 /* Assets.xcassets in Resources */,
				5F07C2AF285B9AD000275124 /* FormTransferenciaViewController.xib in Resources */,
				5F72C73F285117E900A7E610 /* Main.storyboard in Resources */,
				5F0D4A4C286A000E002948FB /* FormInversionViewController.xib in Resources */,
				5FFD9F0F2852BF0500AC1700 /* RetiroViewController.xib in Resources */,
			);
			runOnlyForDeploymentPostprocessing = 0;
		};
		5F72C748285117EA00A7E610 /* Resources */ = {
			isa = PBXResourcesBuildPhase;
			buildActionMask = 2147483647;
			files = (
				5FF4745628511D2B00763859 /* GoogleService-Info.plist in Resources */,
			);
			runOnlyForDeploymentPostprocessing = 0;
		};
		5F72C752285117EA00A7E610 /* Resources */ = {
			isa = PBXResourcesBuildPhase;
			buildActionMask = 2147483647;
			files = (
				5FF4745728511D2B00763859 /* GoogleService-Info.plist in Resources */,
			);
			runOnlyForDeploymentPostprocessing = 0;
		};
/* End PBXResourcesBuildPhase section */

/* Begin PBXSourcesBuildPhase section */
		5F72C730285117E900A7E610 /* Sources */ = {
			isa = PBXSourcesBuildPhase;
			buildActionMask = 2147483647;
			files = (
				5F8B012A286F2C09006F76AE /* InversionViewController.swift in Sources */,
				5F07C2AD285B9AA000275124 /* FormTransferenciaViewController.swift in Sources */,
				5F72C73C285117E900A7E610 /* AuthViewController.swift in Sources */,
				5F0D4A4A2869FFFD002948FB /* FormInversionViewController.swift in Sources */,
				5F98D6B42851A7F700F1214F /* ConsultaSaldoViewController.swift in Sources */,
				5F5927D52864ADEC00F4D242 /* DBManager.swift in Sources */,
				5F52D483286B3A0900DA1311 /* CeldaPersonalizadaTableViewCell.swift in Sources */,
				5F558000285279C800C202AB /* MiInformacionViewController.swift in Sources */,
				5F012A452852AE1B000D69C5 /* DepositoViewController.swift in Sources */,
				5FFD9F0D2852BEF500AC1700 /* RetiroViewController.swift in Sources */,
				5F76A1D9285387530019544B /* MovimientosViewController.swift in Sources */,
				5FB47404286651AD00639DD0 /* EmpresasViewController.swift in Sources */,
				5FF474772851733C00763859 /* ConfigurarPerfilViewController.swift in Sources */,
				5F72C738285117E900A7E610 /* AppDelegate.swift in Sources */,
				5F72C73A285117E900A7E610 /* SceneDelegate.swift in Sources */,
				5F3A60832858335C00E15ACE /* TransferenciaViewController.swift in Sources */,
				5F2C98A1286ABF2A00D31F0A /* InversionesViewController.swift in Sources */,
				5FF4746A28513E6B00763859 /* MenuViewController.swift in Sources */,
			);
			runOnlyForDeploymentPostprocessing = 0;
		};
		5F72C746285117EA00A7E610 /* Sources */ = {
			isa = PBXSourcesBuildPhase;
			buildActionMask = 2147483647;
			files = (
				5F72C74F285117EA00A7E610 /* Banco_IOSTests.swift in Sources */,
			);
			runOnlyForDeploymentPostprocessing = 0;
		};
		5F72C750285117EA00A7E610 /* Sources */ = {
			isa = PBXSourcesBuildPhase;
			buildActionMask = 2147483647;
			files = (
				5F72C75B285117EA00A7E610 /* Banco_IOSUITestsLaunchTests.swift in Sources */,
				5F72C759285117EA00A7E610 /* Banco_IOSUITests.swift in Sources */,
			);
			runOnlyForDeploymentPostprocessing = 0;
		};
/* End PBXSourcesBuildPhase section */

/* Begin PBXTargetDependency section */
		5F72C74C285117EA00A7E610 /* PBXTargetDependency */ = {
			isa = PBXTargetDependency;
			target = 5F72C733285117E900A7E610 /* Banco-IOS */;
			targetProxy = 5F72C74B285117EA00A7E610 /* PBXContainerItemProxy */;
		};
		5F72C756285117EA00A7E610 /* PBXTargetDependency */ = {
			isa = PBXTargetDependency;
			target = 5F72C733285117E900A7E610 /* Banco-IOS */;
			targetProxy = 5F72C755285117EA00A7E610 /* PBXContainerItemProxy */;
		};
/* End PBXTargetDependency section */

/* Begin PBXVariantGroup section */
		5F72C73D285117E900A7E610 /* Main.storyboard */ = {
			isa = PBXVariantGroup;
			children = (
				5F72C73E285117E900A7E610 /* Base */,
			);
			name = Main.storyboard;
			sourceTree = "<group>";
		};
		5F72C742285117EA00A7E610 /* LaunchScreen.storyboard */ = {
			isa = PBXVariantGroup;
			children = (
				5F72C743285117EA00A7E610 /* Base */,
			);
			name = LaunchScreen.storyboard;
			sourceTree = "<group>";
		};
/* End PBXVariantGroup section */

/* Begin XCBuildConfiguration section */
		5F72C75C285117EA00A7E610 /* Debug */ = {
			isa = XCBuildConfiguration;
			buildSettings = {
				ALWAYS_SEARCH_USER_PATHS = NO;
				CLANG_ANALYZER_NONNULL = YES;
				CLANG_ANALYZER_NUMBER_OBJECT_CONVERSION = YES_AGGRESSIVE;
				CLANG_CXX_LANGUAGE_STANDARD = "gnu++17";
				CLANG_ENABLE_MODULES = YES;
				CLANG_ENABLE_OBJC_ARC = YES;
				CLANG_ENABLE_OBJC_WEAK = YES;
				CLANG_WARN_BLOCK_CAPTURE_AUTORELEASING = YES;
				CLANG_WARN_BOOL_CONVERSION = YES;
				CLANG_WARN_COMMA = YES;
				CLANG_WARN_CONSTANT_CONVERSION = YES;
				CLANG_WARN_DEPRECATED_OBJC_IMPLEMENTATIONS = YES;
				CLANG_WARN_DIRECT_OBJC_ISA_USAGE = YES_ERROR;
				CLANG_WARN_DOCUMENTATION_COMMENTS = YES;
				CLANG_WARN_EMPTY_BODY = YES;
				CLANG_WARN_ENUM_CONVERSION = YES;
				CLANG_WARN_INFINITE_RECURSION = YES;
				CLANG_WARN_INT_CONVERSION = YES;
				CLANG_WARN_NON_LITERAL_NULL_CONVERSION = YES;
				CLANG_WARN_OBJC_IMPLICIT_RETAIN_SELF = YES;
				CLANG_WARN_OBJC_LITERAL_CONVERSION = YES;
				CLANG_WARN_OBJC_ROOT_CLASS = YES_ERROR;
				CLANG_WARN_QUOTED_INCLUDE_IN_FRAMEWORK_HEADER = YES;
				CLANG_WARN_RANGE_LOOP_ANALYSIS = YES;
				CLANG_WARN_STRICT_PROTOTYPES = YES;
				CLANG_WARN_SUSPICIOUS_MOVE = YES;
				CLANG_WARN_UNGUARDED_AVAILABILITY = YES_AGGRESSIVE;
				CLANG_WARN_UNREACHABLE_CODE = YES;
				CLANG_WARN__DUPLICATE_METHOD_MATCH = YES;
				COPY_PHASE_STRIP = NO;
				DEBUG_INFORMATION_FORMAT = dwarf;
				ENABLE_STRICT_OBJC_MSGSEND = YES;
				ENABLE_TESTABILITY = YES;
				GCC_C_LANGUAGE_STANDARD = gnu11;
				GCC_DYNAMIC_NO_PIC = NO;
				GCC_NO_COMMON_BLOCKS = YES;
				GCC_OPTIMIZATION_LEVEL = 0;
				GCC_PREPROCESSOR_DEFINITIONS = (
					"DEBUG=1",
					"$(inherited)",
				);
				GCC_WARN_64_TO_32_BIT_CONVERSION = YES;
				GCC_WARN_ABOUT_RETURN_TYPE = YES_ERROR;
				GCC_WARN_UNDECLARED_SELECTOR = YES;
				GCC_WARN_UNINITIALIZED_AUTOS = YES_AGGRESSIVE;
				GCC_WARN_UNUSED_FUNCTION = YES;
				GCC_WARN_UNUSED_VARIABLE = YES;
				IPHONEOS_DEPLOYMENT_TARGET = 15.5;
				MTL_ENABLE_DEBUG_INFO = INCLUDE_SOURCE;
				MTL_FAST_MATH = YES;
				ONLY_ACTIVE_ARCH = YES;
				SDKROOT = iphoneos;
				SWIFT_ACTIVE_COMPILATION_CONDITIONS = DEBUG;
				SWIFT_OPTIMIZATION_LEVEL = "-Onone";
			};
			name = Debug;
		};
		5F72C75D285117EA00A7E610 /* Release */ = {
			isa = XCBuildConfiguration;
			buildSettings = {
				ALWAYS_SEARCH_USER_PATHS = NO;
				CLANG_ANALYZER_NONNULL = YES;
				CLANG_ANALYZER_NUMBER_OBJECT_CONVERSION = YES_AGGRESSIVE;
				CLANG_CXX_LANGUAGE_STANDARD = "gnu++17";
				CLANG_ENABLE_MODULES = YES;
				CLANG_ENABLE_OBJC_ARC = YES;
				CLANG_ENABLE_OBJC_WEAK = YES;
				CLANG_WARN_BLOCK_CAPTURE_AUTORELEASING = YES;
				CLANG_WARN_BOOL_CONVERSION = YES;
				CLANG_WARN_COMMA = YES;
				CLANG_WARN_CONSTANT_CONVERSION = YES;
				CLANG_WARN_DEPRECATED_OBJC_IMPLEMENTATIONS = YES;
				CLANG_WARN_DIRECT_OBJC_ISA_USAGE = YES_ERROR;
				CLANG_WARN_DOCUMENTATION_COMMENTS = YES;
				CLANG_WARN_EMPTY_BODY = YES;
				CLANG_WARN_ENUM_CONVERSION = YES;
				CLANG_WARN_INFINITE_RECURSION = YES;
				CLANG_WARN_INT_CONVERSION = YES;
				CLANG_WARN_NON_LITERAL_NULL_CONVERSION = YES;
				CLANG_WARN_OBJC_IMPLICIT_RETAIN_SELF = YES;
				CLANG_WARN_OBJC_LITERAL_CONVERSION = YES;
				CLANG_WARN_OBJC_ROOT_CLASS = YES_ERROR;
				CLANG_WARN_QUOTED_INCLUDE_IN_FRAMEWORK_HEADER = YES;
				CLANG_WARN_RANGE_LOOP_ANALYSIS = YES;
				CLANG_WARN_STRICT_PROTOTYPES = YES;
				CLANG_WARN_SUSPICIOUS_MOVE = YES;
				CLANG_WARN_UNGUARDED_AVAILABILITY = YES_AGGRESSIVE;
				CLANG_WARN_UNREACHABLE_CODE = YES;
				CLANG_WARN__DUPLICATE_METHOD_MATCH = YES;
				COPY_PHASE_STRIP = NO;
				DEBUG_INFORMATION_FORMAT = "dwarf-with-dsym";
				ENABLE_NS_ASSERTIONS = NO;
				ENABLE_STRICT_OBJC_MSGSEND = YES;
				GCC_C_LANGUAGE_STANDARD = gnu11;
				GCC_NO_COMMON_BLOCKS = YES;
				GCC_WARN_64_TO_32_BIT_CONVERSION = YES;
				GCC_WARN_ABOUT_RETURN_TYPE = YES_ERROR;
				GCC_WARN_UNDECLARED_SELECTOR = YES;
				GCC_WARN_UNINITIALIZED_AUTOS = YES_AGGRESSIVE;
				GCC_WARN_UNUSED_FUNCTION = YES;
				GCC_WARN_UNUSED_VARIABLE = YES;
				IPHONEOS_DEPLOYMENT_TARGET = 15.5;
				MTL_ENABLE_DEBUG_INFO = NO;
				MTL_FAST_MATH = YES;
				SDKROOT = iphoneos;
				SWIFT_COMPILATION_MODE = wholemodule;
				SWIFT_OPTIMIZATION_LEVEL = "-O";
				VALIDATE_PRODUCT = YES;
			};
			name = Release;
		};
		5F72C75F285117EA00A7E610 /* Debug */ = {
			isa = XCBuildConfiguration;
			buildSettings = {
				ASSETCATALOG_COMPILER_APPICON_NAME = AppIcon;
				ASSETCATALOG_COMPILER_GLOBAL_ACCENT_COLOR_NAME = AccentColor;
				CODE_SIGN_STYLE = Automatic;
				CURRENT_PROJECT_VERSION = 1;
				GENERATE_INFOPLIST_FILE = YES;
				INFOPLIST_FILE = "Banco-IOS/Info.plist";
				INFOPLIST_KEY_UIApplicationSupportsIndirectInputEvents = YES;
				INFOPLIST_KEY_UILaunchStoryboardName = LaunchScreen;
				INFOPLIST_KEY_UIMainStoryboardFile = Main;
				INFOPLIST_KEY_UISupportedInterfaceOrientations_iPad = "UIInterfaceOrientationPortrait UIInterfaceOrientationPortraitUpsideDown UIInterfaceOrientationLandscapeLeft UIInterfaceOrientationLandscapeRight";
				INFOPLIST_KEY_UISupportedInterfaceOrientations_iPhone = "UIInterfaceOrientationPortrait UIInterfaceOrientationLandscapeLeft UIInterfaceOrientationLandscapeRight";
				LD_RUNPATH_SEARCH_PATHS = (
					"$(inherited)",
					"@executable_path/Frameworks",
				);
				MARKETING_VERSION = 1.0;
				PRODUCT_BUNDLE_IDENTIFIER = "banco.Banco-IOS";
				PRODUCT_NAME = "$(TARGET_NAME)";
				SWIFT_EMIT_LOC_STRINGS = YES;
				SWIFT_VERSION = 5.0;
				TARGETED_DEVICE_FAMILY = "1,2";
			};
			name = Debug;
		};
		5F72C760285117EA00A7E610 /* Release */ = {
			isa = XCBuildConfiguration;
			buildSettings = {
				ASSETCATALOG_COMPILER_APPICON_NAME = AppIcon;
				ASSETCATALOG_COMPILER_GLOBAL_ACCENT_COLOR_NAME = AccentColor;
				CODE_SIGN_STYLE = Automatic;
				CURRENT_PROJECT_VERSION = 1;
				GENERATE_INFOPLIST_FILE = YES;
				INFOPLIST_FILE = "Banco-IOS/Info.plist";
				INFOPLIST_KEY_UIApplicationSupportsIndirectInputEvents = YES;
				INFOPLIST_KEY_UILaunchStoryboardName = LaunchScreen;
				INFOPLIST_KEY_UIMainStoryboardFile = Main;
				INFOPLIST_KEY_UISupportedInterfaceOrientations_iPad = "UIInterfaceOrientationPortrait UIInterfaceOrientationPortraitUpsideDown UIInterfaceOrientationLandscapeLeft UIInterfaceOrientationLandscapeRight";
				INFOPLIST_KEY_UISupportedInterfaceOrientations_iPhone = "UIInterfaceOrientationPortrait UIInterfaceOrientationLandscapeLeft UIInterfaceOrientationLandscapeRight";
				LD_RUNPATH_SEARCH_PATHS = (
					"$(inherited)",
					"@executable_path/Frameworks",
				);
				MARKETING_VERSION = 1.0;
				PRODUCT_BUNDLE_IDENTIFIER = "banco.Banco-IOS";
				PRODUCT_NAME = "$(TARGET_NAME)";
				SWIFT_EMIT_LOC_STRINGS = YES;
				SWIFT_VERSION = 5.0;
				TARGETED_DEVICE_FAMILY = "1,2";
			};
			name = Release;
		};
		5F72C762285117EA00A7E610 /* Debug */ = {
			isa = XCBuildConfiguration;
			buildSettings = {
				ALWAYS_EMBED_SWIFT_STANDARD_LIBRARIES = YES;
				BUNDLE_LOADER = "$(TEST_HOST)";
				CODE_SIGN_STYLE = Automatic;
				CURRENT_PROJECT_VERSION = 1;
				GENERATE_INFOPLIST_FILE = YES;
				IPHONEOS_DEPLOYMENT_TARGET = 15.5;
				MARKETING_VERSION = 1.0;
				PRODUCT_BUNDLE_IDENTIFIER = "banco.Banco-IOSTests";
				PRODUCT_NAME = "$(TARGET_NAME)";
				SWIFT_EMIT_LOC_STRINGS = NO;
				SWIFT_VERSION = 5.0;
				TARGETED_DEVICE_FAMILY = "1,2";
				TEST_HOST = "$(BUILT_PRODUCTS_DIR)/Banco-IOS.app/Banco-IOS";
			};
			name = Debug;
		};
		5F72C763285117EA00A7E610 /* Release */ = {
			isa = XCBuildConfiguration;
			buildSettings = {
				ALWAYS_EMBED_SWIFT_STANDARD_LIBRARIES = YES;
				BUNDLE_LOADER = "$(TEST_HOST)";
				CODE_SIGN_STYLE = Automatic;
				CURRENT_PROJECT_VERSION = 1;
				GENERATE_INFOPLIST_FILE = YES;
				IPHONEOS_DEPLOYMENT_TARGET = 15.5;
				MARKETING_VERSION = 1.0;
				PRODUCT_BUNDLE_IDENTIFIER = "banco.Banco-IOSTests";
				PRODUCT_NAME = "$(TARGET_NAME)";
				SWIFT_EMIT_LOC_STRINGS = NO;
				SWIFT_VERSION = 5.0;
				TARGETED_DEVICE_FAMILY = "1,2";
				TEST_HOST = "$(BUILT_PRODUCTS_DIR)/Banco-IOS.app/Banco-IOS";
			};
			name = Release;
		};
		5F72C765285117EA00A7E610 /* Debug */ = {
			isa = XCBuildConfiguration;
			buildSettings = {
				ALWAYS_EMBED_SWIFT_STANDARD_LIBRARIES = YES;
				CODE_SIGN_STYLE = Automatic;
				CURRENT_PROJECT_VERSION = 1;
				GENERATE_INFOPLIST_FILE = YES;
				MARKETING_VERSION = 1.0;
				PRODUCT_BUNDLE_IDENTIFIER = "banco.Banco-IOSUITests";
				PRODUCT_NAME = "$(TARGET_NAME)";
				SWIFT_EMIT_LOC_STRINGS = NO;
				SWIFT_VERSION = 5.0;
				TARGETED_DEVICE_FAMILY = "1,2";
				TEST_TARGET_NAME = "Banco-IOS";
			};
			name = Debug;
		};
		5F72C766285117EA00A7E610 /* Release */ = {
			isa = XCBuildConfiguration;
			buildSettings = {
				ALWAYS_EMBED_SWIFT_STANDARD_LIBRARIES = YES;
				CODE_SIGN_STYLE = Automatic;
				CURRENT_PROJECT_VERSION = 1;
				GENERATE_INFOPLIST_FILE = YES;
				MARKETING_VERSION = 1.0;
				PRODUCT_BUNDLE_IDENTIFIER = "banco.Banco-IOSUITests";
				PRODUCT_NAME = "$(TARGET_NAME)";
				SWIFT_EMIT_LOC_STRINGS = NO;
				SWIFT_VERSION = 5.0;
				TARGETED_DEVICE_FAMILY = "1,2";
				TEST_TARGET_NAME = "Banco-IOS";
			};
			name = Release;
		};
/* End XCBuildConfiguration section */

/* Begin XCConfigurationList section */
		5F72C72F285117E900A7E610 /* Build configuration list for PBXProject "Banco-IOS" */ = {
			isa = XCConfigurationList;
			buildConfigurations = (
				5F72C75C285117EA00A7E610 /* Debug */,
				5F72C75D285117EA00A7E610 /* Release */,
			);
			defaultConfigurationIsVisible = 0;
			defaultConfigurationName = Release;
		};
		5F72C75E285117EA00A7E610 /* Build configuration list for PBXNativeTarget "Banco-IOS" */ = {
			isa = XCConfigurationList;
			buildConfigurations = (
				5F72C75F285117EA00A7E610 /* Debug */,
				5F72C760285117EA00A7E610 /* Release */,
			);
			defaultConfigurationIsVisible = 0;
			defaultConfigurationName = Release;
		};
		5F72C761285117EA00A7E610 /* Build configuration list for PBXNativeTarget "Banco-IOSTests" */ = {
			isa = XCConfigurationList;
			buildConfigurations = (
				5F72C762285117EA00A7E610 /* Debug */,
				5F72C763285117EA00A7E610 /* Release */,
			);
			defaultConfigurationIsVisible = 0;
			defaultConfigurationName = Release;
		};
		5F72C764285117EA00A7E610 /* Build configuration list for PBXNativeTarget "Banco-IOSUITests" */ = {
			isa = XCConfigurationList;
			buildConfigurations = (
				5F72C765285117EA00A7E610 /* Debug */,
				5F72C766285117EA00A7E610 /* Release */,
			);
			defaultConfigurationIsVisible = 0;
			defaultConfigurationName = Release;
		};
/* End XCConfigurationList section */

/* Begin XCRemoteSwiftPackageReference section */
		5F0D4A4D286A03C5002948FB /* XCRemoteSwiftPackageReference "Kingfisher" */ = {
			isa = XCRemoteSwiftPackageReference;
			repositoryURL = "https://github.com/onevcat/Kingfisher.git";
			requirement = {
				kind = upToNextMajorVersion;
				minimumVersion = 7.0.0;
			};
		};
		5FF4745828511EC700763859 /* XCRemoteSwiftPackageReference "firebase-ios-sdk" */ = {
			isa = XCRemoteSwiftPackageReference;
			repositoryURL = "https://github.com/firebase/firebase-ios-sdk";
			requirement = {
				kind = upToNextMajorVersion;
				minimumVersion = 9.0.0;
			};
		};
		5FF474712851685100763859 /* XCRemoteSwiftPackageReference "firebase-ios-sdk" */ = {
			isa = XCRemoteSwiftPackageReference;
			repositoryURL = "https://github.com/firebase/firebase-ios-sdk";
			requirement = {
				branch = master;
				kind = branch;
			};
		};
/* End XCRemoteSwiftPackageReference section */

/* Begin XCSwiftPackageProductDependency section */
		5F0D4A4E286A03C5002948FB /* Kingfisher */ = {
			isa = XCSwiftPackageProductDependency;
			package = 5F0D4A4D286A03C5002948FB /* XCRemoteSwiftPackageReference "Kingfisher" */;
			productName = Kingfisher;
		};
		5FF4745928511EC700763859 /* FirebaseAnalytics */ = {
			isa = XCSwiftPackageProductDependency;
			package = 5FF4745828511EC700763859 /* XCRemoteSwiftPackageReference "firebase-ios-sdk" */;
			productName = FirebaseAnalytics;
		};
		5FF4745B28511EC700763859 /* FirebaseAnalyticsSwift */ = {
			isa = XCSwiftPackageProductDependency;
			package = 5FF4745828511EC700763859 /* XCRemoteSwiftPackageReference "firebase-ios-sdk" */;
			productName = FirebaseAnalyticsSwift;
		};
		5FF4745D28511EC700763859 /* FirebaseAuth */ = {
			isa = XCSwiftPackageProductDependency;
			package = 5FF4745828511EC700763859 /* XCRemoteSwiftPackageReference "firebase-ios-sdk" */;
			productName = FirebaseAuth;
		};
		5FF4745F28511EC700763859 /* FirebaseDatabase */ = {
			isa = XCSwiftPackageProductDependency;
			package = 5FF4745828511EC700763859 /* XCRemoteSwiftPackageReference "firebase-ios-sdk" */;
			productName = FirebaseDatabase;
		};
		5FF4746128511EC700763859 /* FirebaseDatabaseSwift */ = {
			isa = XCSwiftPackageProductDependency;
			package = 5FF4745828511EC700763859 /* XCRemoteSwiftPackageReference "firebase-ios-sdk" */;
			productName = FirebaseDatabaseSwift;
		};
		5FF4746328511EC700763859 /* FirebasePerformance */ = {
			isa = XCSwiftPackageProductDependency;
			package = 5FF4745828511EC700763859 /* XCRemoteSwiftPackageReference "firebase-ios-sdk" */;
			productName = FirebasePerformance;
		};
		5FF4746528511EC700763859 /* FirebaseRemoteConfig */ = {
			isa = XCSwiftPackageProductDependency;
			package = 5FF4745828511EC700763859 /* XCRemoteSwiftPackageReference "firebase-ios-sdk" */;
			productName = FirebaseRemoteConfig;
		};
		5FF4746728511EC700763859 /* FirebaseStorage */ = {
			isa = XCSwiftPackageProductDependency;
			package = 5FF4745828511EC700763859 /* XCRemoteSwiftPackageReference "firebase-ios-sdk" */;
			productName = FirebaseStorage;
		};
		5FF474722851685100763859 /* FirebaseFirestore */ = {
			isa = XCSwiftPackageProductDependency;
			package = 5FF474712851685100763859 /* XCRemoteSwiftPackageReference "firebase-ios-sdk" */;
			productName = FirebaseFirestore;
		};
		5FF474742851685100763859 /* FirebaseFirestoreSwift */ = {
			isa = XCSwiftPackageProductDependency;
			package = 5FF474712851685100763859 /* XCRemoteSwiftPackageReference "firebase-ios-sdk" */;
			productName = FirebaseFirestoreSwift;
		};
/* End XCSwiftPackageProductDependency section */
	};
	rootObject = 5F72C72C285117E900A7E610 /* Project object */;
}
